
Microsoft Visual Studio Solution File, Format Version 12.00
# Visual Studio 15
VisualStudioVersion = 15.0.27004.2009
MinimumVisualStudioVersion = 10.0.40219.1
Project("{9A19103F-16F7-4668-BE54-9A1E7A4F7556}") = "NextInpact.Core", "NextInpact.Core\NextInpact.Core.csproj", "{67F9D3A8-F71E-4428-913F-C37AE82CDB24}"
EndProject
Project("{9A19103F-16F7-4668-BE54-9A1E7A4F7556}") = "NextInpact.Forms", "NextInpact.Forms\NextInpact.Forms.csproj", "{5137EE36-F5AB-4B9C-AFA5-2AC161C9F667}"
EndProject
Project("{FAE04EC0-301F-11D3-BF4B-00C04F79EFBC}") = "NextInpact.Forms.iOS", "NextInpact.Forms.iOS\NextInpact.Forms.iOS.csproj", "{07048848-A37D-4B87-BA32-945B44AA6B3E}"
EndProject
Project("{9A19103F-16F7-4668-BE54-9A1E7A4F7556}") = "NextInpact.Tests", "NextInpact.Tests\NextInpact.Tests.csproj", "{025ABD48-D47D-49DE-936E-FB13EB52D22F}"
EndProject
Project("{FAE04EC0-301F-11D3-BF4B-00C04F79EFBC}") = "NextInpact.Native.Droid", "NextInpact.Native.Droid\NextInpact.Native.Droid.csproj", "{D34EE8C5-90EE-47A0-95F1-02D96FFBDA08}"
EndProject
Project("{FAE04EC0-301F-11D3-BF4B-00C04F79EFBC}") = "NextInpact.Forms.Droid", "NextInpact.Forms.Droid\NextInpact.Forms.Droid.csproj", "{57EAEDC4-032F-4B4B-ABB8-D3AFF5475459}"
EndProject
Project("{FAE04EC0-301F-11D3-BF4B-00C04F79EFBC}") = "NextInpact.Forms.UWP", "NextInpact.Forms.UWP\NextInpact.Forms.UWP.csproj", "{BA1F7E3A-32C6-42DF-895A-A5F80280F440}"
EndProject
Project("{FAE04EC0-301F-11D3-BF4B-00C04F79EFBC}") = "NextInpact.Native.UWP", "NextInpact.Native.UWP\NextInpact.Native.UWP.csproj", "{F7D546FF-DF84-48A9-A866-E4625ADBB969}"
EndProject
Global
	GlobalSection(SolutionConfigurationPlatforms) = preSolution
		Debug|Any CPU = Debug|Any CPU
		Debug|ARM = Debug|ARM
		Debug|iPhone = Debug|iPhone
		Debug|iPhoneSimulator = Debug|iPhoneSimulator
		Debug|x64 = Debug|x64
		Debug|x86 = Debug|x86
		Release|Any CPU = Release|Any CPU
		Release|ARM = Release|ARM
		Release|iPhone = Release|iPhone
		Release|iPhoneSimulator = Release|iPhoneSimulator
		Release|x64 = Release|x64
		Release|x86 = Release|x86
	EndGlobalSection
	GlobalSection(ProjectConfigurationPlatforms) = postSolution
		{67F9D3A8-F71E-4428-913F-C37AE82CDB24}.Debug|Any CPU.ActiveCfg = Debug|Any CPU
		{67F9D3A8-F71E-4428-913F-C37AE82CDB24}.Debug|Any CPU.Build.0 = Debug|Any CPU
		{67F9D3A8-F71E-4428-913F-C37AE82CDB24}.Debug|ARM.ActiveCfg = Debug|Any CPU
		{67F9D3A8-F71E-4428-913F-C37AE82CDB24}.Debug|ARM.Build.0 = Debug|Any CPU
		{67F9D3A8-F71E-4428-913F-C37AE82CDB24}.Debug|iPhone.ActiveCfg = Debug|Any CPU
		{67F9D3A8-F71E-4428-913F-C37AE82CDB24}.Debug|iPhone.Build.0 = Debug|Any CPU
		{67F9D3A8-F71E-4428-913F-C37AE82CDB24}.Debug|iPhoneSimulator.ActiveCfg = Debug|Any CPU
		{67F9D3A8-F71E-4428-913F-C37AE82CDB24}.Debug|iPhoneSimulator.Build.0 = Debug|Any CPU
		{67F9D3A8-F71E-4428-913F-C37AE82CDB24}.Debug|x64.ActiveCfg = Debug|Any CPU
		{67F9D3A8-F71E-4428-913F-C37AE82CDB24}.Debug|x64.Build.0 = Debug|Any CPU
		{67F9D3A8-F71E-4428-913F-C37AE82CDB24}.Debug|x86.ActiveCfg = Debug|Any CPU
		{67F9D3A8-F71E-4428-913F-C37AE82CDB24}.Debug|x86.Build.0 = Debug|Any CPU
		{67F9D3A8-F71E-4428-913F-C37AE82CDB24}.Release|Any CPU.ActiveCfg = Release|Any CPU
		{67F9D3A8-F71E-4428-913F-C37AE82CDB24}.Release|Any CPU.Build.0 = Release|Any CPU
		{67F9D3A8-F71E-4428-913F-C37AE82CDB24}.Release|ARM.ActiveCfg = Release|Any CPU
		{67F9D3A8-F71E-4428-913F-C37AE82CDB24}.Release|ARM.Build.0 = Release|Any CPU
		{67F9D3A8-F71E-4428-913F-C37AE82CDB24}.Release|iPhone.ActiveCfg = Release|Any CPU
		{67F9D3A8-F71E-4428-913F-C37AE82CDB24}.Release|iPhone.Build.0 = Release|Any CPU
		{67F9D3A8-F71E-4428-913F-C37AE82CDB24}.Release|iPhoneSimulator.ActiveCfg = Release|Any CPU
		{67F9D3A8-F71E-4428-913F-C37AE82CDB24}.Release|iPhoneSimulator.Build.0 = Release|Any CPU
		{67F9D3A8-F71E-4428-913F-C37AE82CDB24}.Release|x64.ActiveCfg = Release|Any CPU
		{67F9D3A8-F71E-4428-913F-C37AE82CDB24}.Release|x64.Build.0 = Release|Any CPU
		{67F9D3A8-F71E-4428-913F-C37AE82CDB24}.Release|x86.ActiveCfg = Release|Any CPU
		{67F9D3A8-F71E-4428-913F-C37AE82CDB24}.Release|x86.Build.0 = Release|Any CPU
		{5137EE36-F5AB-4B9C-AFA5-2AC161C9F667}.Debug|Any CPU.ActiveCfg = Debug|Any CPU
		{5137EE36-F5AB-4B9C-AFA5-2AC161C9F667}.Debug|Any CPU.Build.0 = Debug|Any CPU
		{5137EE36-F5AB-4B9C-AFA5-2AC161C9F667}.Debug|ARM.ActiveCfg = Debug|Any CPU
		{5137EE36-F5AB-4B9C-AFA5-2AC161C9F667}.Debug|ARM.Build.0 = Debug|Any CPU
		{5137EE36-F5AB-4B9C-AFA5-2AC161C9F667}.Debug|iPhone.ActiveCfg = Debug|Any CPU
		{5137EE36-F5AB-4B9C-AFA5-2AC161C9F667}.Debug|iPhone.Build.0 = Debug|Any CPU
		{5137EE36-F5AB-4B9C-AFA5-2AC161C9F667}.Debug|iPhoneSimulator.ActiveCfg = Debug|Any CPU
		{5137EE36-F5AB-4B9C-AFA5-2AC161C9F667}.Debug|iPhoneSimulator.Build.0 = Debug|Any CPU
		{5137EE36-F5AB-4B9C-AFA5-2AC161C9F667}.Debug|x64.ActiveCfg = Debug|Any CPU
		{5137EE36-F5AB-4B9C-AFA5-2AC161C9F667}.Debug|x64.Build.0 = Debug|Any CPU
		{5137EE36-F5AB-4B9C-AFA5-2AC161C9F667}.Debug|x86.ActiveCfg = Debug|Any CPU
		{5137EE36-F5AB-4B9C-AFA5-2AC161C9F667}.Debug|x86.Build.0 = Debug|Any CPU
		{5137EE36-F5AB-4B9C-AFA5-2AC161C9F667}.Release|Any CPU.ActiveCfg = Release|Any CPU
		{5137EE36-F5AB-4B9C-AFA5-2AC161C9F667}.Release|Any CPU.Build.0 = Release|Any CPU
		{5137EE36-F5AB-4B9C-AFA5-2AC161C9F667}.Release|ARM.ActiveCfg = Release|Any CPU
		{5137EE36-F5AB-4B9C-AFA5-2AC161C9F667}.Release|ARM.Build.0 = Release|Any CPU
		{5137EE36-F5AB-4B9C-AFA5-2AC161C9F667}.Release|iPhone.ActiveCfg = Release|Any CPU
		{5137EE36-F5AB-4B9C-AFA5-2AC161C9F667}.Release|iPhone.Build.0 = Release|Any CPU
		{5137EE36-F5AB-4B9C-AFA5-2AC161C9F667}.Release|iPhoneSimulator.ActiveCfg = Release|Any CPU
		{5137EE36-F5AB-4B9C-AFA5-2AC161C9F667}.Release|iPhoneSimulator.Build.0 = Release|Any CPU
		{5137EE36-F5AB-4B9C-AFA5-2AC161C9F667}.Release|x64.ActiveCfg = Release|Any CPU
		{5137EE36-F5AB-4B9C-AFA5-2AC161C9F667}.Release|x64.Build.0 = Release|Any CPU
		{5137EE36-F5AB-4B9C-AFA5-2AC161C9F667}.Release|x86.ActiveCfg = Release|Any CPU
		{5137EE36-F5AB-4B9C-AFA5-2AC161C9F667}.Release|x86.Build.0 = Release|Any CPU
		{07048848-A37D-4B87-BA32-945B44AA6B3E}.Debug|Any CPU.ActiveCfg = Debug|iPhone
		{07048848-A37D-4B87-BA32-945B44AA6B3E}.Debug|ARM.ActiveCfg = Debug|iPhone
		{07048848-A37D-4B87-BA32-945B44AA6B3E}.Debug|iPhone.ActiveCfg = Debug|iPhone
		{07048848-A37D-4B87-BA32-945B44AA6B3E}.Debug|iPhone.Build.0 = Debug|iPhone
		{07048848-A37D-4B87-BA32-945B44AA6B3E}.Debug|iPhoneSimulator.ActiveCfg = Debug|iPhoneSimulator
		{07048848-A37D-4B87-BA32-945B44AA6B3E}.Debug|iPhoneSimulator.Build.0 = Debug|iPhoneSimulator
		{07048848-A37D-4B87-BA32-945B44AA6B3E}.Debug|x64.ActiveCfg = Debug|iPhone
		{07048848-A37D-4B87-BA32-945B44AA6B3E}.Debug|x86.ActiveCfg = Debug|iPhone
		{07048848-A37D-4B87-BA32-945B44AA6B3E}.Release|Any CPU.ActiveCfg = Release|iPhone
		{07048848-A37D-4B87-BA32-945B44AA6B3E}.Release|ARM.ActiveCfg = Release|iPhone
		{07048848-A37D-4B87-BA32-945B44AA6B3E}.Release|iPhone.ActiveCfg = Release|iPhone
		{07048848-A37D-4B87-BA32-945B44AA6B3E}.Release|iPhone.Build.0 = Release|iPhone
		{07048848-A37D-4B87-BA32-945B44AA6B3E}.Release|iPhoneSimulator.ActiveCfg = Release|iPhoneSimulator
		{07048848-A37D-4B87-BA32-945B44AA6B3E}.Release|iPhoneSimulator.Build.0 = Release|iPhoneSimulator
		{07048848-A37D-4B87-BA32-945B44AA6B3E}.Release|x64.ActiveCfg = Release|iPhone
		{07048848-A37D-4B87-BA32-945B44AA6B3E}.Release|x86.ActiveCfg = Release|iPhone
		{025ABD48-D47D-49DE-936E-FB13EB52D22F}.Debug|Any CPU.ActiveCfg = Debug|Any CPU
		{025ABD48-D47D-49DE-936E-FB13EB52D22F}.Debug|Any CPU.Build.0 = Debug|Any CPU
		{025ABD48-D47D-49DE-936E-FB13EB52D22F}.Debug|ARM.ActiveCfg = Debug|Any CPU
		{025ABD48-D47D-49DE-936E-FB13EB52D22F}.Debug|ARM.Build.0 = Debug|Any CPU
		{025ABD48-D47D-49DE-936E-FB13EB52D22F}.Debug|iPhone.ActiveCfg = Debug|Any CPU
		{025ABD48-D47D-49DE-936E-FB13EB52D22F}.Debug|iPhone.Build.0 = Debug|Any CPU
		{025ABD48-D47D-49DE-936E-FB13EB52D22F}.Debug|iPhoneSimulator.ActiveCfg = Debug|Any CPU
		{025ABD48-D47D-49DE-936E-FB13EB52D22F}.Debug|iPhoneSimulator.Build.0 = Debug|Any CPU
		{025ABD48-D47D-49DE-936E-FB13EB52D22F}.Debug|x64.ActiveCfg = Debug|Any CPU
		{025ABD48-D47D-49DE-936E-FB13EB52D22F}.Debug|x64.Build.0 = Debug|Any CPU
		{025ABD48-D47D-49DE-936E-FB13EB52D22F}.Debug|x86.ActiveCfg = Debug|Any CPU
		{025ABD48-D47D-49DE-936E-FB13EB52D22F}.Debug|x86.Build.0 = Debug|Any CPU
		{025ABD48-D47D-49DE-936E-FB13EB52D22F}.Release|Any CPU.ActiveCfg = Release|Any CPU
		{025ABD48-D47D-49DE-936E-FB13EB52D22F}.Release|Any CPU.Build.0 = Release|Any CPU
		{025ABD48-D47D-49DE-936E-FB13EB52D22F}.Release|ARM.ActiveCfg = Release|Any CPU
		{025ABD48-D47D-49DE-936E-FB13EB52D22F}.Release|ARM.Build.0 = Release|Any CPU
		{025ABD48-D47D-49DE-936E-FB13EB52D22F}.Release|iPhone.ActiveCfg = Release|Any CPU
		{025ABD48-D47D-49DE-936E-FB13EB52D22F}.Release|iPhone.Build.0 = Release|Any CPU
		{025ABD48-D47D-49DE-936E-FB13EB52D22F}.Release|iPhoneSimulator.ActiveCfg = Release|Any CPU
		{025ABD48-D47D-49DE-936E-FB13EB52D22F}.Release|iPhoneSimulator.Build.0 = Release|Any CPU
		{025ABD48-D47D-49DE-936E-FB13EB52D22F}.Release|x64.ActiveCfg = Release|Any CPU
		{025ABD48-D47D-49DE-936E-FB13EB52D22F}.Release|x64.Build.0 = Release|Any CPU
		{025ABD48-D47D-49DE-936E-FB13EB52D22F}.Release|x86.ActiveCfg = Release|Any CPU
		{025ABD48-D47D-49DE-936E-FB13EB52D22F}.Release|x86.Build.0 = Release|Any CPU
		{D34EE8C5-90EE-47A0-95F1-02D96FFBDA08}.Debug|Any CPU.ActiveCfg = Debug|Any CPU
		{D34EE8C5-90EE-47A0-95F1-02D96FFBDA08}.Debug|Any CPU.Build.0 = Debug|Any CPU
		{D34EE8C5-90EE-47A0-95F1-02D96FFBDA08}.Debug|Any CPU.Deploy.0 = Debug|Any CPU
		{D34EE8C5-90EE-47A0-95F1-02D96FFBDA08}.Debug|ARM.ActiveCfg = Debug|Any CPU
		{D34EE8C5-90EE-47A0-95F1-02D96FFBDA08}.Debug|ARM.Build.0 = Debug|Any CPU
		{D34EE8C5-90EE-47A0-95F1-02D96FFBDA08}.Debug|ARM.Deploy.0 = Debug|Any CPU
		{D34EE8C5-90EE-47A0-95F1-02D96FFBDA08}.Debug|iPhone.ActiveCfg = Debug|Any CPU
		{D34EE8C5-90EE-47A0-95F1-02D96FFBDA08}.Debug|iPhone.Build.0 = Debug|Any CPU
		{D34EE8C5-90EE-47A0-95F1-02D96FFBDA08}.Debug|iPhone.Deploy.0 = Debug|Any CPU
		{D34EE8C5-90EE-47A0-95F1-02D96FFBDA08}.Debug|iPhoneSimulator.ActiveCfg = Debug|Any CPU
		{D34EE8C5-90EE-47A0-95F1-02D96FFBDA08}.Debug|iPhoneSimulator.Build.0 = Debug|Any CPU
		{D34EE8C5-90EE-47A0-95F1-02D96FFBDA08}.Debug|iPhoneSimulator.Deploy.0 = Debug|Any CPU
		{D34EE8C5-90EE-47A0-95F1-02D96FFBDA08}.Debug|x64.ActiveCfg = Debug|Any CPU
		{D34EE8C5-90EE-47A0-95F1-02D96FFBDA08}.Debug|x64.Build.0 = Debug|Any CPU
		{D34EE8C5-90EE-47A0-95F1-02D96FFBDA08}.Debug|x64.Deploy.0 = Debug|Any CPU
		{D34EE8C5-90EE-47A0-95F1-02D96FFBDA08}.Debug|x86.ActiveCfg = Debug|Any CPU
		{D34EE8C5-90EE-47A0-95F1-02D96FFBDA08}.Debug|x86.Build.0 = Debug|Any CPU
		{D34EE8C5-90EE-47A0-95F1-02D96FFBDA08}.Debug|x86.Deploy.0 = Debug|Any CPU
		{D34EE8C5-90EE-47A0-95F1-02D96FFBDA08}.Release|Any CPU.ActiveCfg = Release|Any CPU
		{D34EE8C5-90EE-47A0-95F1-02D96FFBDA08}.Release|Any CPU.Build.0 = Release|Any CPU
		{D34EE8C5-90EE-47A0-95F1-02D96FFBDA08}.Release|Any CPU.Deploy.0 = Release|Any CPU
		{D34EE8C5-90EE-47A0-95F1-02D96FFBDA08}.Release|ARM.ActiveCfg = Release|Any CPU
		{D34EE8C5-90EE-47A0-95F1-02D96FFBDA08}.Release|ARM.Build.0 = Release|Any CPU
		{D34EE8C5-90EE-47A0-95F1-02D96FFBDA08}.Release|ARM.Deploy.0 = Release|Any CPU
		{D34EE8C5-90EE-47A0-95F1-02D96FFBDA08}.Release|iPhone.ActiveCfg = Release|Any CPU
		{D34EE8C5-90EE-47A0-95F1-02D96FFBDA08}.Release|iPhone.Build.0 = Release|Any CPU
		{D34EE8C5-90EE-47A0-95F1-02D96FFBDA08}.Release|iPhone.Deploy.0 = Release|Any CPU
		{D34EE8C5-90EE-47A0-95F1-02D96FFBDA08}.Release|iPhoneSimulator.ActiveCfg = Release|Any CPU
		{D34EE8C5-90EE-47A0-95F1-02D96FFBDA08}.Release|iPhoneSimulator.Build.0 = Release|Any CPU
		{D34EE8C5-90EE-47A0-95F1-02D96FFBDA08}.Release|iPhoneSimulator.Deploy.0 = Release|Any CPU
		{D34EE8C5-90EE-47A0-95F1-02D96FFBDA08}.Release|x64.ActiveCfg = Release|Any CPU
		{D34EE8C5-90EE-47A0-95F1-02D96FFBDA08}.Release|x64.Build.0 = Release|Any CPU
		{D34EE8C5-90EE-47A0-95F1-02D96FFBDA08}.Release|x64.Deploy.0 = Release|Any CPU
		{D34EE8C5-90EE-47A0-95F1-02D96FFBDA08}.Release|x86.ActiveCfg = Release|Any CPU
		{D34EE8C5-90EE-47A0-95F1-02D96FFBDA08}.Release|x86.Build.0 = Release|Any CPU
		{D34EE8C5-90EE-47A0-95F1-02D96FFBDA08}.Release|x86.Deploy.0 = Release|Any CPU
		{57EAEDC4-032F-4B4B-ABB8-D3AFF5475459}.Debug|Any CPU.ActiveCfg = Debug|Any CPU
		{57EAEDC4-032F-4B4B-ABB8-D3AFF5475459}.Debug|Any CPU.Build.0 = Debug|Any CPU
		{57EAEDC4-032F-4B4B-ABB8-D3AFF5475459}.Debug|Any CPU.Deploy.0 = Debug|Any CPU
		{57EAEDC4-032F-4B4B-ABB8-D3AFF5475459}.Debug|ARM.ActiveCfg = Debug|Any CPU
		{57EAEDC4-032F-4B4B-ABB8-D3AFF5475459}.Debug|ARM.Build.0 = Debug|Any CPU
		{57EAEDC4-032F-4B4B-ABB8-D3AFF5475459}.Debug|ARM.Deploy.0 = Debug|Any CPU
		{57EAEDC4-032F-4B4B-ABB8-D3AFF5475459}.Debug|iPhone.ActiveCfg = Debug|Any CPU
		{57EAEDC4-032F-4B4B-ABB8-D3AFF5475459}.Debug|iPhone.Build.0 = Debug|Any CPU
		{57EAEDC4-032F-4B4B-ABB8-D3AFF5475459}.Debug|iPhone.Deploy.0 = Debug|Any CPU
		{57EAEDC4-032F-4B4B-ABB8-D3AFF5475459}.Debug|iPhoneSimulator.ActiveCfg = Debug|Any CPU
		{57EAEDC4-032F-4B4B-ABB8-D3AFF5475459}.Debug|iPhoneSimulator.Build.0 = Debug|Any CPU
		{57EAEDC4-032F-4B4B-ABB8-D3AFF5475459}.Debug|iPhoneSimulator.Deploy.0 = Debug|Any CPU
		{57EAEDC4-032F-4B4B-ABB8-D3AFF5475459}.Debug|x64.ActiveCfg = Debug|Any CPU
		{57EAEDC4-032F-4B4B-ABB8-D3AFF5475459}.Debug|x64.Build.0 = Debug|Any CPU
		{57EAEDC4-032F-4B4B-ABB8-D3AFF5475459}.Debug|x64.Deploy.0 = Debug|Any CPU
		{57EAEDC4-032F-4B4B-ABB8-D3AFF5475459}.Debug|x86.ActiveCfg = Debug|Any CPU
		{57EAEDC4-032F-4B4B-ABB8-D3AFF5475459}.Debug|x86.Build.0 = Debug|Any CPU
		{57EAEDC4-032F-4B4B-ABB8-D3AFF5475459}.Debug|x86.Deploy.0 = Debug|Any CPU
		{57EAEDC4-032F-4B4B-ABB8-D3AFF5475459}.Release|Any CPU.ActiveCfg = Release|Any CPU
		{57EAEDC4-032F-4B4B-ABB8-D3AFF5475459}.Release|Any CPU.Build.0 = Release|Any CPU
		{57EAEDC4-032F-4B4B-ABB8-D3AFF5475459}.Release|Any CPU.Deploy.0 = Release|Any CPU
		{57EAEDC4-032F-4B4B-ABB8-D3AFF5475459}.Release|ARM.ActiveCfg = Release|Any CPU
		{57EAEDC4-032F-4B4B-ABB8-D3AFF5475459}.Release|ARM.Build.0 = Release|Any CPU
		{57EAEDC4-032F-4B4B-ABB8-D3AFF5475459}.Release|ARM.Deploy.0 = Release|Any CPU
		{57EAEDC4-032F-4B4B-ABB8-D3AFF5475459}.Release|iPhone.ActiveCfg = Release|Any CPU
		{57EAEDC4-032F-4B4B-ABB8-D3AFF5475459}.Release|iPhone.Build.0 = Release|Any CPU
		{57EAEDC4-032F-4B4B-ABB8-D3AFF5475459}.Release|iPhone.Deploy.0 = Release|Any CPU
		{57EAEDC4-032F-4B4B-ABB8-D3AFF5475459}.Release|iPhoneSimulator.ActiveCfg = Release|Any CPU
		{57EAEDC4-032F-4B4B-ABB8-D3AFF5475459}.Release|iPhoneSimulator.Build.0 = Release|Any CPU
		{57EAEDC4-032F-4B4B-ABB8-D3AFF5475459}.Release|iPhoneSimulator.Deploy.0 = Release|Any CPU
		{57EAEDC4-032F-4B4B-ABB8-D3AFF5475459}.Release|x64.ActiveCfg = Release|Any CPU
		{57EAEDC4-032F-4B4B-ABB8-D3AFF5475459}.Release|x64.Build.0 = Release|Any CPU
		{57EAEDC4-032F-4B4B-ABB8-D3AFF5475459}.Release|x64.Deploy.0 = Release|Any CPU
		{57EAEDC4-032F-4B4B-ABB8-D3AFF5475459}.Release|x86.ActiveCfg = Release|Any CPU
		{57EAEDC4-032F-4B4B-ABB8-D3AFF5475459}.Release|x86.Build.0 = Release|Any CPU
		{57EAEDC4-032F-4B4B-ABB8-D3AFF5475459}.Release|x86.Deploy.0 = Release|Any CPU
		{BA1F7E3A-32C6-42DF-895A-A5F80280F440}.Debug|Any CPU.ActiveCfg = Debug|x86
		{BA1F7E3A-32C6-42DF-895A-A5F80280F440}.Debug|Any CPU.Build.0 = Debug|x86
		{BA1F7E3A-32C6-42DF-895A-A5F80280F440}.Debug|Any CPU.Deploy.0 = Debug|x86
		{BA1F7E3A-32C6-42DF-895A-A5F80280F440}.Debug|ARM.ActiveCfg = Debug|ARM
		{BA1F7E3A-32C6-42DF-895A-A5F80280F440}.Debug|ARM.Build.0 = Debug|ARM
		{BA1F7E3A-32C6-42DF-895A-A5F80280F440}.Debug|ARM.Deploy.0 = Debug|ARM
		{BA1F7E3A-32C6-42DF-895A-A5F80280F440}.Debug|iPhone.ActiveCfg = Debug|x86
		{BA1F7E3A-32C6-42DF-895A-A5F80280F440}.Debug|iPhoneSimulator.ActiveCfg = Debug|x86
		{BA1F7E3A-32C6-42DF-895A-A5F80280F440}.Debug|x64.ActiveCfg = Debug|x64
		{BA1F7E3A-32C6-42DF-895A-A5F80280F440}.Debug|x64.Build.0 = Debug|x64
		{BA1F7E3A-32C6-42DF-895A-A5F80280F440}.Debug|x64.Deploy.0 = Debug|x64
		{BA1F7E3A-32C6-42DF-895A-A5F80280F440}.Debug|x86.ActiveCfg = Debug|x86
		{BA1F7E3A-32C6-42DF-895A-A5F80280F440}.Debug|x86.Build.0 = Debug|x86
		{BA1F7E3A-32C6-42DF-895A-A5F80280F440}.Debug|x86.Deploy.0 = Debug|x86
		{BA1F7E3A-32C6-42DF-895A-A5F80280F440}.Release|Any CPU.ActiveCfg = Release|x86
		{BA1F7E3A-32C6-42DF-895A-A5F80280F440}.Release|ARM.ActiveCfg = Release|ARM
		{BA1F7E3A-32C6-42DF-895A-A5F80280F440}.Release|ARM.Build.0 = Release|ARM
		{BA1F7E3A-32C6-42DF-895A-A5F80280F440}.Release|ARM.Deploy.0 = Release|ARM
		{BA1F7E3A-32C6-42DF-895A-A5F80280F440}.Release|iPhone.ActiveCfg = Release|x86
		{BA1F7E3A-32C6-42DF-895A-A5F80280F440}.Release|iPhoneSimulator.ActiveCfg = Release|x86
		{BA1F7E3A-32C6-42DF-895A-A5F80280F440}.Release|x64.ActiveCfg = Release|x64
		{BA1F7E3A-32C6-42DF-895A-A5F80280F440}.Release|x64.Build.0 = Release|x64
		{BA1F7E3A-32C6-42DF-895A-A5F80280F440}.Release|x64.Deploy.0 = Release|x64
		{BA1F7E3A-32C6-42DF-895A-A5F80280F440}.Release|x86.ActiveCfg = Release|x86
		{BA1F7E3A-32C6-42DF-895A-A5F80280F440}.Release|x86.Build.0 = Release|x86
		{BA1F7E3A-32C6-42DF-895A-A5F80280F440}.Release|x86.Deploy.0 = Release|x86
		{F7D546FF-DF84-48A9-A866-E4625ADBB969}.Debug|Any CPU.ActiveCfg = Debug|x86
		{F7D546FF-DF84-48A9-A866-E4625ADBB969}.Debug|ARM.ActiveCfg = Debug|ARM
		{F7D546FF-DF84-48A9-A866-E4625ADBB969}.Debug|ARM.Build.0 = Debug|ARM
		{F7D546FF-DF84-48A9-A866-E4625ADBB969}.Debug|ARM.Deploy.0 = Debug|ARM
		{F7D546FF-DF84-48A9-A866-E4625ADBB969}.Debug|iPhone.ActiveCfg = Debug|x86
		{F7D546FF-DF84-48A9-A866-E4625ADBB969}.Debug|iPhoneSimulator.ActiveCfg = Debug|x86
		{F7D546FF-DF84-48A9-A866-E4625ADBB969}.Debug|x64.ActiveCfg = Debug|x64
		{F7D546FF-DF84-48A9-A866-E4625ADBB969}.Debug|x64.Build.0 = Debug|x64
		{F7D546FF-DF84-48A9-A866-E4625ADBB969}.Debug|x64.Deploy.0 = Debug|x64
		{F7D546FF-DF84-48A9-A866-E4625ADBB969}.Debug|x86.ActiveCfg = Debug|x86
		{F7D546FF-DF84-48A9-A866-E4625ADBB969}.Debug|x86.Build.0 = Debug|x86
		{F7D546FF-DF84-48A9-A866-E4625ADBB969}.Debug|x86.Deploy.0 = Debug|x86
		{F7D546FF-DF84-48A9-A866-E4625ADBB969}.Release|Any CPU.ActiveCfg = Release|x86
		{F7D546FF-DF84-48A9-A866-E4625ADBB969}.Release|ARM.ActiveCfg = Release|ARM
		{F7D546FF-DF84-48A9-A866-E4625ADBB969}.Release|ARM.Build.0 = Release|ARM
		{F7D546FF-DF84-48A9-A866-E4625ADBB969}.Release|ARM.Deploy.0 = Release|ARM
		{F7D546FF-DF84-48A9-A866-E4625ADBB969}.Release|iPhone.ActiveCfg = Release|x86
		{F7D546FF-DF84-48A9-A866-E4625ADBB969}.Release|iPhoneSimulator.ActiveCfg = Release|x86
		{F7D546FF-DF84-48A9-A866-E4625ADBB969}.Release|x64.ActiveCfg = Release|x64
		{F7D546FF-DF84-48A9-A866-E4625ADBB969}.Release|x64.Build.0 = Release|x64
		{F7D546FF-DF84-48A9-A866-E4625ADBB969}.Release|x64.Deploy.0 = Release|x64
		{F7D546FF-DF84-48A9-A866-E4625ADBB969}.Release|x86.ActiveCfg = Release|x86
		{F7D546FF-DF84-48A9-A866-E4625ADBB969}.Release|x86.Build.0 = Release|x86
		{F7D546FF-DF84-48A9-A866-E4625ADBB969}.Release|x86.Deploy.0 = Release|x86
	EndGlobalSection
	GlobalSection(SolutionProperties) = preSolution
		HideSolutionNode = FALSE
	EndGlobalSection
	GlobalSection(ExtensibilityGlobals) = postSolution
		SolutionGuid = {5594BC4E-700F-4E86-9915-15B12CB7F89D}
	EndGlobalSection
EndGlobal
